dependencies:
  espressif/esp_codec_dev:
    component_hash: 896c67360ae1f8dedaf8a53dfe48c015317fa455f061a5165307892296990028
    dependencies:
    - name: idf
      require: private
      version: '>=4.0'
    source:
      registry_url: https://components.espressif.com/
      type: service
    version: 1.5.10
  idf:
    source:
      type: idf
    version: 5.5.4
direct_dependencies:
- espressif/esp_codec_dev
- idf
manifest_hash: 28c00a3091760143ace0bf437528952d4ae9df52bdbfa056e456fb4547bf1033
target: esp32s3
version: 2.0.0
